
Microsoft Visual Studio Solution File, Format Version 12.00
# Visual Studio Version 16
VisualStudioVersion = 16.0.30204.135
MinimumVisualStudioVersion = 10.0.40219.1
Project("{FAE04EC0-301F-11D3-BF4B-00C04F79EFBC}") = "LM962", "LM962.csproj", "{48A5B2B3-39B3-4A74-A083-993BA7E79795}"
EndProject
Global
	GlobalSection(SolutionConfigurationPlatforms) = preSolution
		Debug|Any CPU = Debug|Any CPU
		Release|Any CPU = Release|Any CPU
	EndGlobalSection
	GlobalSection(ProjectConfigurationPlatforms) = postSolution
		{48A5B2B3-39B3-4A74-A083-993BA7E79795}.Debug|Any CPU.ActiveCfg = Debug|Any CPU
		{48A5B2B3-39B3-4A74-A083-993BA7E79795}.Debug|Any CPU.Build.0 = Debug|Any CPU
		{48A5B2B3-39B3-4A74-A083-993BA7E79795}.Release|Any CPU.ActiveCfg = Release|Any CPU
		{48A5B2B3-39B3-4A74-A083-993BA7E79795}.Release|Any CPU.Build.0 = Release|Any CPU
	EndGlobalSection
	GlobalSection(SolutionProperties) = preSolution
		HideSolutionNode = FALSE
	EndGlobalSection
	GlobalSection(ExtensibilityGlobals) = postSolution
		SolutionGuid = {489E8587-E0BC-434D-A4F4-4D30D3FE2807}
	EndGlobalSection
EndGlobal
